
Microsoft Visual Studio Solution File, Format Version 12.00
# Visual Studio Version 17
VisualStudioVersion = 17.13.35828.75 d17.13
MinimumVisualStudioVersion = 10.0.40219.1
Project("{FAE04EC0-301F-11D3-BF4B-00C04F79EFBC}") = "lab8t1", "lab8t1\lab8t1.csproj", "{5104C5A9-C4AC-4AB9-ABE3-10E2E9AC30AA}"
EndProject
Project("{FAE04EC0-301F-11D3-BF4B-00C04F79EFBC}") = "lab8t2", "lab8t2\lab8t2.csproj", "{11A3632F-8973-4FAB-AA76-B761BCB73FE9}"
EndProject
Project("{FAE04EC0-301F-11D3-BF4B-00C04F79EFBC}") = "lab8t3", "lab8t3\lab8t3.csproj", "{80C33030-8117-4D59-97B5-8A83AA511447}"
EndProject
Project("{FAE04EC0-301F-11D3-BF4B-00C04F79EFBC}") = "lab8t4", "lab8t4\lab8t4.csproj", "{11D4F3BF-8889-456D-AEFE-EF414E767D5A}"
EndProject
Project("{FAE04EC0-301F-11D3-BF4B-00C04F79EFBC}") = "lab8t5", "lab8t5\lab8t5.csproj", "{FEE020DF-F2E9-438F-9B34-71E8B97E6335}"
EndProject
Project("{FAE04EC0-301F-11D3-BF4B-00C04F79EFBC}") = "lab8t6", "lab8t6\lab8t6.csproj", "{74CEFE32-9EB2-4A3B-8638-DF8A00DFB8E5}"
EndProject
Project("{FAE04EC0-301F-11D3-BF4B-00C04F79EFBC}") = "lab8t7", "lab8t7\lab8t7.csproj", "{F499755C-111D-445D-B8C0-577689F0D719}"
EndProject
Project("{FAE04EC0-301F-11D3-BF4B-00C04F79EFBC}") = "lab8t8", "lab8t8\lab8t8.csproj", "{FE1DE8B7-245C-4F00-99BB-D59F6EC9FCD7}"
EndProject
Project("{FAE04EC0-301F-11D3-BF4B-00C04F79EFBC}") = "lab8t9", "lab8t9\lab8t9.csproj", "{29A68C27-6178-49CD-B7CC-ECF9A1B463B1}"
EndProject
Project("{FAE04EC0-301F-11D3-BF4B-00C04F79EFBC}") = "lab8t10", "lab8t10\lab8t10.csproj", "{84911167-629A-4C22-B7BD-FF9C74E323CF}"
EndProject
Project("{FAE04EC0-301F-11D3-BF4B-00C04F79EFBC}") = "lab8t11", "lab8t11\lab8t11.csproj", "{361B96DA-5C82-4511-8D4E-DAC270F7112B}"
EndProject
Project("{FAE04EC0-301F-11D3-BF4B-00C04F79EFBC}") = "lab8t12", "lab8t12\lab8t12.csproj", "{4998ECAA-6665-4A52-9574-95C8FDD9E842}"
EndProject
Project("{FAE04EC0-301F-11D3-BF4B-00C04F79EFBC}") = "lab8t13", "lab8t13\lab8t13.csproj", "{A0DF4416-C397-4EAC-9AE1-144DD98A0448}"
EndProject
Project("{FAE04EC0-301F-11D3-BF4B-00C04F79EFBC}") = "lab8t14", "lab8t14\lab8t14.csproj", "{810971C9-D2F4-4FDF-9773-AC15D3D6E9B7}"
EndProject
Project("{FAE04EC0-301F-11D3-BF4B-00C04F79EFBC}") = "lab8t15", "lab8t15\lab8t15.csproj", "{1F3A631F-C8C9-4273-A903-2145C41C8EAE}"
EndProject
Project("{FAE04EC0-301F-11D3-BF4B-00C04F79EFBC}") = "lab8t16", "lab8t16\lab8t16.csproj", "{E30DBD67-1C14-4A0B-90F2-FF1F8C523E9B}"
EndProject
Project("{FAE04EC0-301F-11D3-BF4B-00C04F79EFBC}") = "lab8t17", "lab8t17\lab8t17.csproj", "{0627B882-0575-4F7D-B3A0-05BD3C55BFD8}"
EndProject
Global
	GlobalSection(SolutionConfigurationPlatforms) = preSolution
		Debug|Any CPU = Debug|Any CPU
		Release|Any CPU = Release|Any CPU
	EndGlobalSection
	GlobalSection(ProjectConfigurationPlatforms) = postSolution
		{5104C5A9-C4AC-4AB9-ABE3-10E2E9AC30AA}.Debug|Any CPU.ActiveCfg = Debug|Any CPU
		{5104C5A9-C4AC-4AB9-ABE3-10E2E9AC30AA}.Debug|Any CPU.Build.0 = Debug|Any CPU
		{5104C5A9-C4AC-4AB9-ABE3-10E2E9AC30AA}.Release|Any CPU.ActiveCfg = Release|Any CPU
		{5104C5A9-C4AC-4AB9-ABE3-10E2E9AC30AA}.Release|Any CPU.Build.0 = Release|Any CPU
		{11A3632F-8973-4FAB-AA76-B761BCB73FE9}.Debug|Any CPU.ActiveCfg = Debug|Any CPU
		{11A3632F-8973-4FAB-AA76-B761BCB73FE9}.Debug|Any CPU.Build.0 = Debug|Any CPU
		{11A3632F-8973-4FAB-AA76-B761BCB73FE9}.Release|Any CPU.ActiveCfg = Release|Any CPU
		{11A3632F-8973-4FAB-AA76-B761BCB73FE9}.Release|Any CPU.Build.0 = Release|Any CPU
		{80C33030-8117-4D59-97B5-8A83AA511447}.Debug|Any CPU.ActiveCfg = Debug|Any CPU
		{80C33030-8117-4D59-97B5-8A83AA511447}.Debug|Any CPU.Build.0 = Debug|Any CPU
		{80C33030-8117-4D59-97B5-8A83AA511447}.Release|Any CPU.ActiveCfg = Release|Any CPU
		{80C33030-8117-4D59-97B5-8A83AA511447}.Release|Any CPU.Build.0 = Release|Any CPU
		{11D4F3BF-8889-456D-AEFE-EF414E767D5A}.Debug|Any CPU.ActiveCfg = Debug|Any CPU
		{11D4F3BF-8889-456D-AEFE-EF414E767D5A}.Debug|Any CPU.Build.0 = Debug|Any CPU
		{11D4F3BF-8889-456D-AEFE-EF414E767D5A}.Release|Any CPU.ActiveCfg = Release|Any CPU
		{11D4F3BF-8889-456D-AEFE-EF414E767D5A}.Release|Any CPU.Build.0 = Release|Any CPU
		{FEE020DF-F2E9-438F-9B34-71E8B97E6335}.Debug|Any CPU.ActiveCfg = Debug|Any CPU
		{FEE020DF-F2E9-438F-9B34-71E8B97E6335}.Debug|Any CPU.Build.0 = Debug|Any CPU
		{FEE020DF-F2E9-438F-9B34-71E8B97E6335}.Release|Any CPU.ActiveCfg = Release|Any CPU
		{FEE020DF-F2E9-438F-9B34-71E8B97E6335}.Release|Any CPU.Build.0 = Release|Any CPU
		{74CEFE32-9EB2-4A3B-8638-DF8A00DFB8E5}.Debug|Any CPU.ActiveCfg = Debug|Any CPU
		{74CEFE32-9EB2-4A3B-8638-DF8A00DFB8E5}.Debug|Any CPU.Build.0 = Debug|Any CPU
		{74CEFE32-9EB2-4A3B-8638-DF8A00DFB8E5}.Release|Any CPU.ActiveCfg = Release|Any CPU
		{74CEFE32-9EB2-4A3B-8638-DF8A00DFB8E5}.Release|Any CPU.Build.0 = Release|Any CPU
		{F499755C-111D-445D-B8C0-577689F0D719}.Debug|Any CPU.ActiveCfg = Debug|Any CPU
		{F499755C-111D-445D-B8C0-577689F0D719}.Debug|Any CPU.Build.0 = Debug|Any CPU
		{F499755C-111D-445D-B8C0-577689F0D719}.Release|Any CPU.ActiveCfg = Release|Any CPU
		{F499755C-111D-445D-B8C0-577689F0D719}.Release|Any CPU.Build.0 = Release|Any CPU
		{FE1DE8B7-245C-4F00-99BB-D59F6EC9FCD7}.Debug|Any CPU.ActiveCfg = Debug|Any CPU
		{FE1DE8B7-245C-4F00-99BB-D59F6EC9FCD7}.Debug|Any CPU.Build.0 = Debug|Any CPU
		{FE1DE8B7-245C-4F00-99BB-D59F6EC9FCD7}.Release|Any CPU.ActiveCfg = Release|Any CPU
		{FE1DE8B7-245C-4F00-99BB-D59F6EC9FCD7}.Release|Any CPU.Build.0 = Release|Any CPU
		{29A68C27-6178-49CD-B7CC-ECF9A1B463B1}.Debug|Any CPU.ActiveCfg = Debug|Any CPU
		{29A68C27-6178-49CD-B7CC-ECF9A1B463B1}.Debug|Any CPU.Build.0 = Debug|Any CPU
		{29A68C27-6178-49CD-B7CC-ECF9A1B463B1}.Release|Any CPU.ActiveCfg = Release|Any CPU
		{29A68C27-6178-49CD-B7CC-ECF9A1B463B1}.Release|Any CPU.Build.0 = Release|Any CPU
		{84911167-629A-4C22-B7BD-FF9C74E323CF}.Debug|Any CPU.ActiveCfg = Debug|Any CPU
		{84911167-629A-4C22-B7BD-FF9C74E323CF}.Debug|Any CPU.Build.0 = Debug|Any CPU
		{84911167-629A-4C22-B7BD-FF9C74E323CF}.Release|Any CPU.ActiveCfg = Release|Any CPU
		{84911167-629A-4C22-B7BD-FF9C74E323CF}.Release|Any CPU.Build.0 = Release|Any CPU
		{361B96DA-5C82-4511-8D4E-DAC270F7112B}.Debug|Any CPU.ActiveCfg = Debug|Any CPU
		{361B96DA-5C82-4511-8D4E-DAC270F7112B}.Debug|Any CPU.Build.0 = Debug|Any CPU
		{361B96DA-5C82-4511-8D4E-DAC270F7112B}.Release|Any CPU.ActiveCfg = Release|Any CPU
		{361B96DA-5C82-4511-8D4E-DAC270F7112B}.Release|Any CPU.Build.0 = Release|Any CPU
		{4998ECAA-6665-4A52-9574-95C8FDD9E842}.Debug|Any CPU.ActiveCfg = Debug|Any CPU
		{4998ECAA-6665-4A52-9574-95C8FDD9E842}.Debug|Any CPU.Build.0 = Debug|Any CPU
		{4998ECAA-6665-4A52-9574-95C8FDD9E842}.Release|Any CPU.ActiveCfg = Release|Any CPU
		{4998ECAA-6665-4A52-9574-95C8FDD9E842}.Release|Any CPU.Build.0 = Release|Any CPU
		{A0DF4416-C397-4EAC-9AE1-144DD98A0448}.Debug|Any CPU.ActiveCfg = Debug|Any CPU
		{A0DF4416-C397-4EAC-9AE1-144DD98A0448}.Debug|Any CPU.Build.0 = Debug|Any CPU
		{A0DF4416-C397-4EAC-9AE1-144DD98A0448}.Release|Any CPU.ActiveCfg = Release|Any CPU
		{A0DF4416-C397-4EAC-9AE1-144DD98A0448}.Release|Any CPU.Build.0 = Release|Any CPU
		{810971C9-D2F4-4FDF-9773-AC15D3D6E9B7}.Debug|Any CPU.ActiveCfg = Debug|Any CPU
		{810971C9-D2F4-4FDF-9773-AC15D3D6E9B7}.Debug|Any CPU.Build.0 = Debug|Any CPU
		{810971C9-D2F4-4FDF-9773-AC15D3D6E9B7}.Release|Any CPU.ActiveCfg = Release|Any CPU
		{810971C9-D2F4-4FDF-9773-AC15D3D6E9B7}.Release|Any CPU.Build.0 = Release|Any CPU
		{1F3A631F-C8C9-4273-A903-2145C41C8EAE}.Debug|Any CPU.ActiveCfg = Debug|Any CPU
		{1F3A631F-C8C9-4273-A903-2145C41C8EAE}.Debug|Any CPU.Build.0 = Debug|Any CPU
		{1F3A631F-C8C9-4273-A903-2145C41C8EAE}.Release|Any CPU.ActiveCfg = Release|Any CPU
		{1F3A631F-C8C9-4273-A903-2145C41C8EAE}.Release|Any CPU.Build.0 = Release|Any CPU
		{E30DBD67-1C14-4A0B-90F2-FF1F8C523E9B}.Debug|Any CPU.ActiveCfg = Debug|Any CPU
		{E30DBD67-1C14-4A0B-90F2-FF1F8C523E9B}.Debug|Any CPU.Build.0 = Debug|Any CPU
		{E30DBD67-1C14-4A0B-90F2-FF1F8C523E9B}.Release|Any CPU.ActiveCfg = Release|Any CPU
		{E30DBD67-1C14-4A0B-90F2-FF1F8C523E9B}.Release|Any CPU.Build.0 = Release|Any CPU
		{0627B882-0575-4F7D-B3A0-05BD3C55BFD8}.Debug|Any CPU.ActiveCfg = Debug|Any CPU
		{0627B882-0575-4F7D-B3A0-05BD3C55BFD8}.Debug|Any CPU.Build.0 = Debug|Any CPU
		{0627B882-0575-4F7D-B3A0-05BD3C55BFD8}.Release|Any CPU.ActiveCfg = Release|Any CPU
		{0627B882-0575-4F7D-B3A0-05BD3C55BFD8}.Release|Any CPU.Build.0 = Release|Any CPU
	EndGlobalSection
	GlobalSection(SolutionProperties) = preSolution
		HideSolutionNode = FALSE
	EndGlobalSection
	GlobalSection(ExtensibilityGlobals) = postSolution
		SolutionGuid = {E58BDB64-AF66-49C4-8F9D-7A04FF0FBBDA}
	EndGlobalSection
EndGlobal
